
Microsoft Visual Studio Solution File, Format Version 12.00
# Visual Studio 2012
Project("{FAE04EC0-301F-11D3-BF4B-00C04F79EFBC}") = "Tests", "Tests\Tests.csproj", "{29C2BF08-7A44-48B1-9E00-0106AB0C2049}"
EndProject
Project("{D954291E-2A0B-460D-934E-DC6B0785DB48}") = "Shared", "Shared\Shared.shproj", "{4DA7B6BC-774F-4606-AB9A-6D2CD3E263B9}"
EndProject
Project("{FAE04EC0-301F-11D3-BF4B-00C04F79EFBC}") = "iOS", "iOS\iOS.csproj", "{41FEDDC5-2D60-4E13-971F-4922848EADA9}"
EndProject
Project("{D954291E-2A0B-460D-934E-DC6B0785DB48}") = "Demo", "Demo\Demo\Demo.shproj", "{35CA6A9C-D500-46F5-AB88-D52D228403FB}"
EndProject
Project("{FAE04EC0-301F-11D3-BF4B-00C04F79EFBC}") = "Demo.iOS", "Demo\iOS\Demo.iOS.csproj", "{A8017C76-AA20-4508-86D7-837424E4C3F2}"
EndProject
Project("{FAE04EC0-301F-11D3-BF4B-00C04F79EFBC}") = "Demo.Droid", "Demo\Droid\Demo.Droid.csproj", "{403C1EE1-046B-4026-A568-FC97FF6AC1C7}"
EndProject
Project("{2150E333-8FDC-42A3-9474-1A3956D46DE8}") = "Demo", "Demo", "{45E7688B-A1FD-456F-9EF5-551F5C1AC61C}"
EndProject
Project("{FAE04EC0-301F-11D3-BF4B-00C04F79EFBC}") = "Droid", "Droid\Droid.csproj", "{1B712642-3359-4DD5-B6DD-3794689E3CBE}"
EndProject
Global
	GlobalSection(SolutionConfigurationPlatforms) = preSolution
		Debug|x86 = Debug|x86
		Release|x86 = Release|x86
		Debug|iPhoneSimulator = Debug|iPhoneSimulator
		Release|iPhone = Release|iPhone
		Release|iPhoneSimulator = Release|iPhoneSimulator
		Debug|iPhone = Debug|iPhone
	EndGlobalSection
	GlobalSection(ProjectConfigurationPlatforms) = postSolution
		{29C2BF08-7A44-48B1-9E00-0106AB0C2049}.Debug|x86.ActiveCfg = Debug|Any CPU
		{29C2BF08-7A44-48B1-9E00-0106AB0C2049}.Debug|x86.Build.0 = Debug|Any CPU
		{29C2BF08-7A44-48B1-9E00-0106AB0C2049}.Release|x86.ActiveCfg = Release|Any CPU
		{29C2BF08-7A44-48B1-9E00-0106AB0C2049}.Release|x86.Build.0 = Release|Any CPU
		{29C2BF08-7A44-48B1-9E00-0106AB0C2049}.Debug|iPhoneSimulator.ActiveCfg = Debug|Any CPU
		{29C2BF08-7A44-48B1-9E00-0106AB0C2049}.Debug|iPhoneSimulator.Build.0 = Debug|Any CPU
		{29C2BF08-7A44-48B1-9E00-0106AB0C2049}.Release|iPhone.ActiveCfg = Release|Any CPU
		{29C2BF08-7A44-48B1-9E00-0106AB0C2049}.Release|iPhone.Build.0 = Release|Any CPU
		{29C2BF08-7A44-48B1-9E00-0106AB0C2049}.Release|iPhoneSimulator.ActiveCfg = Release|Any CPU
		{29C2BF08-7A44-48B1-9E00-0106AB0C2049}.Release|iPhoneSimulator.Build.0 = Release|Any CPU
		{29C2BF08-7A44-48B1-9E00-0106AB0C2049}.Debug|iPhone.ActiveCfg = Debug|Any CPU
		{29C2BF08-7A44-48B1-9E00-0106AB0C2049}.Debug|iPhone.Build.0 = Debug|Any CPU
		{41FEDDC5-2D60-4E13-971F-4922848EADA9}.Debug|x86.ActiveCfg = Debug|Any CPU
		{41FEDDC5-2D60-4E13-971F-4922848EADA9}.Debug|x86.Build.0 = Debug|Any CPU
		{41FEDDC5-2D60-4E13-971F-4922848EADA9}.Release|x86.ActiveCfg = Release|Any CPU
		{41FEDDC5-2D60-4E13-971F-4922848EADA9}.Release|x86.Build.0 = Release|Any CPU
		{41FEDDC5-2D60-4E13-971F-4922848EADA9}.Debug|iPhoneSimulator.ActiveCfg = Debug|Any CPU
		{41FEDDC5-2D60-4E13-971F-4922848EADA9}.Debug|iPhoneSimulator.Build.0 = Debug|Any CPU
		{41FEDDC5-2D60-4E13-971F-4922848EADA9}.Release|iPhone.ActiveCfg = Release|Any CPU
		{41FEDDC5-2D60-4E13-971F-4922848EADA9}.Release|iPhone.Build.0 = Release|Any CPU
		{41FEDDC5-2D60-4E13-971F-4922848EADA9}.Release|iPhoneSimulator.ActiveCfg = Release|Any CPU
		{41FEDDC5-2D60-4E13-971F-4922848EADA9}.Release|iPhoneSimulator.Build.0 = Release|Any CPU
		{41FEDDC5-2D60-4E13-971F-4922848EADA9}.Debug|iPhone.ActiveCfg = Debug|Any CPU
		{41FEDDC5-2D60-4E13-971F-4922848EADA9}.Debug|iPhone.Build.0 = Debug|Any CPU
		{A8017C76-AA20-4508-86D7-837424E4C3F2}.Debug|x86.ActiveCfg = Debug|iPhoneSimulator
		{A8017C76-AA20-4508-86D7-837424E4C3F2}.Debug|x86.Build.0 = Debug|iPhoneSimulator
		{A8017C76-AA20-4508-86D7-837424E4C3F2}.Release|x86.ActiveCfg = Release|iPhone
		{A8017C76-AA20-4508-86D7-837424E4C3F2}.Release|x86.Build.0 = Release|iPhone
		{A8017C76-AA20-4508-86D7-837424E4C3F2}.Debug|iPhoneSimulator.ActiveCfg = Debug|iPhoneSimulator
		{A8017C76-AA20-4508-86D7-837424E4C3F2}.Debug|iPhoneSimulator.Build.0 = Debug|iPhoneSimulator
		{A8017C76-AA20-4508-86D7-837424E4C3F2}.Release|iPhone.ActiveCfg = Release|iPhone
		{A8017C76-AA20-4508-86D7-837424E4C3F2}.Release|iPhone.Build.0 = Release|iPhone
		{A8017C76-AA20-4508-86D7-837424E4C3F2}.Release|iPhoneSimulator.ActiveCfg = Release|iPhoneSimulator
		{A8017C76-AA20-4508-86D7-837424E4C3F2}.Release|iPhoneSimulator.Build.0 = Release|iPhoneSimulator
		{A8017C76-AA20-4508-86D7-837424E4C3F2}.Debug|iPhone.ActiveCfg = Debug|iPhone
		{A8017C76-AA20-4508-86D7-837424E4C3F2}.Debug|iPhone.Build.0 = Debug|iPhone
		{403C1EE1-046B-4026-A568-FC97FF6AC1C7}.Debug|x86.ActiveCfg = Debug|Any CPU
		{403C1EE1-046B-4026-A568-FC97FF6AC1C7}.Debug|x86.Build.0 = Debug|Any CPU
		{403C1EE1-046B-4026-A568-FC97FF6AC1C7}.Release|x86.ActiveCfg = Release|Any CPU
		{403C1EE1-046B-4026-A568-FC97FF6AC1C7}.Release|x86.Build.0 = Release|Any CPU
		{403C1EE1-046B-4026-A568-FC97FF6AC1C7}.Debug|iPhoneSimulator.ActiveCfg = Debug|Any CPU
		{403C1EE1-046B-4026-A568-FC97FF6AC1C7}.Debug|iPhoneSimulator.Build.0 = Debug|Any CPU
		{403C1EE1-046B-4026-A568-FC97FF6AC1C7}.Release|iPhone.ActiveCfg = Release|Any CPU
		{403C1EE1-046B-4026-A568-FC97FF6AC1C7}.Release|iPhone.Build.0 = Release|Any CPU
		{403C1EE1-046B-4026-A568-FC97FF6AC1C7}.Release|iPhoneSimulator.ActiveCfg = Release|Any CPU
		{403C1EE1-046B-4026-A568-FC97FF6AC1C7}.Release|iPhoneSimulator.Build.0 = Release|Any CPU
		{403C1EE1-046B-4026-A568-FC97FF6AC1C7}.Debug|iPhone.ActiveCfg = Debug|Any CPU
		{403C1EE1-046B-4026-A568-FC97FF6AC1C7}.Debug|iPhone.Build.0 = Debug|Any CPU
		{1B712642-3359-4DD5-B6DD-3794689E3CBE}.Debug|x86.ActiveCfg = Debug|Any CPU
		{1B712642-3359-4DD5-B6DD-3794689E3CBE}.Debug|x86.Build.0 = Debug|Any CPU
		{1B712642-3359-4DD5-B6DD-3794689E3CBE}.Release|x86.ActiveCfg = Release|Any CPU
		{1B712642-3359-4DD5-B6DD-3794689E3CBE}.Release|x86.Build.0 = Release|Any CPU
		{1B712642-3359-4DD5-B6DD-3794689E3CBE}.Debug|iPhoneSimulator.ActiveCfg = Debug|Any CPU
		{1B712642-3359-4DD5-B6DD-3794689E3CBE}.Debug|iPhoneSimulator.Build.0 = Debug|Any CPU
		{1B712642-3359-4DD5-B6DD-3794689E3CBE}.Release|iPhone.ActiveCfg = Release|Any CPU
		{1B712642-3359-4DD5-B6DD-3794689E3CBE}.Release|iPhone.Build.0 = Release|Any CPU
		{1B712642-3359-4DD5-B6DD-3794689E3CBE}.Release|iPhoneSimulator.ActiveCfg = Release|Any CPU
		{1B712642-3359-4DD5-B6DD-3794689E3CBE}.Release|iPhoneSimulator.Build.0 = Release|Any CPU
		{1B712642-3359-4DD5-B6DD-3794689E3CBE}.Debug|iPhone.ActiveCfg = Debug|Any CPU
		{1B712642-3359-4DD5-B6DD-3794689E3CBE}.Debug|iPhone.Build.0 = Debug|Any CPU
	EndGlobalSection
	GlobalSection(MonoDevelopProperties) = preSolution
		Policies = $0
		$0.TextStylePolicy = $1
		$1.FileWidth = 80
		$1.TabsToSpaces = True
		$1.scope = text/plain
		$0.TextStylePolicy = $2
		$2.TabsToSpaces = True
		$2.NoTabsAfterNonTabs = True
		$2.EolMarker = Unix
		$2.scope = text/x-csharp
		$0.CSharpFormattingPolicy = $3
		$3.scope = text/x-csharp
	EndGlobalSection
	GlobalSection(NestedProjects) = preSolution
		{35CA6A9C-D500-46F5-AB88-D52D228403FB} = {45E7688B-A1FD-456F-9EF5-551F5C1AC61C}
		{403C1EE1-046B-4026-A568-FC97FF6AC1C7} = {45E7688B-A1FD-456F-9EF5-551F5C1AC61C}
		{A8017C76-AA20-4508-86D7-837424E4C3F2} = {45E7688B-A1FD-456F-9EF5-551F5C1AC61C}
	EndGlobalSection
EndGlobal
